{
    "_readme": [
        "This file locks the dependencies of your project to a known state",
        "Read more about it at https://getcomposer.org/doc/01-basic-usage.md#installing-dependencies",
        "This file is @generated automatically"
    ],
    "content-hash": "126f480b84d57c2daaea71513b9c1d36",
    "packages": [
        {
            "name": "pecee/simple-router",
            "version": "5.3.0.5",
            "source": {
                "type": "git",
                "url": "https://github.com/skipperbent/simple-php-router.git",
                "reference": "7feb464af11737d2654f21ac84c9d371b79da63c"
            },
            "dist": {
                "type": "zip",
                "url": "https://api.github.com/repos/skipperbent/simple-php-router/zipball/7feb464af11737d2654f21ac84c9d371b79da63c",
                "reference": "7feb464af11737d2654f21ac84c9d371b79da63c",
                "shasum": ""
            },
            "require": {
                "ext-json": "*",
                "php": ">=7.4"
            },
            "require-dev": {
                "mockery/mockery": "^1",
                "phpstan/phpstan": "^1",
                "phpstan/phpstan-deprecation-rules": "^1",
                "phpstan/phpstan-phpunit": "^1",
                "phpstan/phpstan-strict-rules": "^1",
                "phpunit/phpunit": "^8"
            },
            "type": "library",
            "autoload": {
                "psr-4": {
                    "Pecee\\": "src/Pecee/"
                }
            },
            "notification-url": "https://packagist.org/downloads/",
            "license": [
                "MIT"
            ],
            "authors": [
                {
                    "name": "Simon Sessingø",
                    "email": "simon.sessingoe@gmail.com"
                }
            ],
            "description": "Simple, fast PHP router that is easy to get integrated and in almost any project. Heavily inspired by the Laravel router.",
            "keywords": [
                "framework",
                "input-handler",
                "laravel",
                "pecee",
                "php",
                "request-handler",
                "route",
                "router",
                "routing",
                "routing-engine",
                "simple-php-router",
                "url-handling"
            ],
            "support": {
                "issues": "https://github.com/skipperbent/simple-php-router/issues",
                "source": "https://github.com/skipperbent/simple-php-router/issues"
            },
            "time": "2023-05-06T19:11:12+00:00"
        },
        {
            "name": "php-patterns/activerecord",
            "version": "v1.1.11",
            "source": {
                "type": "git",
                "url": "https://github.com/php-activerecord/activerecord.git",
                "reference": "b98262eb3b5a0c14e2239fd845c410ec66327b91"
            },
            "dist": {
                "type": "zip",
                "url": "https://api.github.com/repos/php-activerecord/activerecord/zipball/b98262eb3b5a0c14e2239fd845c410ec66327b91",
                "reference": "b98262eb3b5a0c14e2239fd845c410ec66327b91",
                "shasum": ""
            },
            "require": {
                "php": ">=8.1.0"
            },
            "require-dev": {
                "friendsofphp/php-cs-fixer": "^2.1",
                "pear/log": "~1.13",
                "pear/pear_exception": "1.0",
                "phpunit/phpunit": "^9.5.21"
            },
            "type": "library",
            "autoload": {
                "files": [
                    "ActiveRecord.php"
                ]
            },
            "notification-url": "https://packagist.org/downloads/",
            "license": [
                "MIT"
            ],
            "description": "php-activerecord is an open source ORM library based on the ActiveRecord pattern.",
            "homepage": "http://www.phpactiverecord.org/",
            "keywords": [
                "activerecord",
                "orm"
            ],
            "support": {
                "issues": "https://github.com/php-activerecord/activerecord/issues",
                "source": "https://github.com/php-activerecord/activerecord/tree/v1.1.11"
            },
            "time": "2023-08-20T22:33:09+00:00"
        }
    ],
    "packages-dev": [],
    "aliases": [],
    "minimum-stability": "stable",
    "stability-flags": [],
    "prefer-stable": false,
    "prefer-lowest": false,
    "platform": [],
    "platform-dev": [],
    "plugin-api-version": "2.6.0"
}
